
Microsoft Visual Studio Solution File, Format Version 12.00
# Visual Studio Version 17
VisualStudioVersion = 17.0.31919.166
MinimumVisualStudioVersion = 10.0.40219.1
Project("{FAE04EC0-301F-11D3-BF4B-00C04F79EFBC}") = "API_EXAM", "API_EXAM.csproj", "{7B3D2177-7FAB-4A32-A1D6-7A8754053A19}"
EndProject
Global
	GlobalSection(SolutionConfigurationPlatforms) = preSolution
		Debug|Any CPU = Debug|Any CPU
		Release|Any CPU = Release|Any CPU
	EndGlobalSection
	GlobalSection(ProjectConfigurationPlatforms) = postSolution
		{7B3D2177-7FAB-4A32-A1D6-7A8754053A19}.Debug|Any CPU.ActiveCfg = Debug|Any CPU
		{7B3D2177-7FAB-4A32-A1D6-7A8754053A19}.Debug|Any CPU.Build.0 = Debug|Any CPU
		{7B3D2177-7FAB-4A32-A1D6-7A8754053A19}.Release|Any CPU.ActiveCfg = Release|Any CPU
		{7B3D2177-7FAB-4A32-A1D6-7A8754053A19}.Release|Any CPU.Build.0 = Release|Any CPU
	EndGlobalSection
	GlobalSection(SolutionProperties) = preSolution
		HideSolutionNode = FALSE
	EndGlobalSection
	GlobalSection(ExtensibilityGlobals) = postSolution
		SolutionGuid = {FCF14B04-C14D-412A-81AF-2FCA258AF999}
	EndGlobalSection
EndGlobal
